
Microsoft Visual Studio Solution File, Format Version 12.00
# Visual Studio 15
VisualStudioVersion = 15.0.28307.1927
MinimumVisualStudioVersion = 10.0.40219.1
Project("{FAE04EC0-301F-11D3-BF4B-00C04F79EFBC}") = "WindowsRayBounceForm", "WindowsRayBounceForm.csproj", "{D5F2E42F-200E-4DE2-BF52-2F652FEE9928}"
EndProject
Global
	GlobalSection(SolutionConfigurationPlatforms) = preSolution
		Debug|Any CPU = Debug|Any CPU
		Release|Any CPU = Release|Any CPU
	EndGlobalSection
	GlobalSection(ProjectConfigurationPlatforms) = postSolution
		{D5F2E42F-200E-4DE2-BF52-2F652FEE9928}.Debug|Any CPU.ActiveCfg = Debug|Any CPU
		{D5F2E42F-200E-4DE2-BF52-2F652FEE9928}.Debug|Any CPU.Build.0 = Debug|Any CPU
		{D5F2E42F-200E-4DE2-BF52-2F652FEE9928}.Release|Any CPU.ActiveCfg = Release|Any CPU
		{D5F2E42F-200E-4DE2-BF52-2F652FEE9928}.Release|Any CPU.Build.0 = Release|Any CPU
	EndGlobalSection
	GlobalSection(SolutionProperties) = preSolution
		HideSolutionNode = FALSE
	EndGlobalSection
	GlobalSection(ExtensibilityGlobals) = postSolution
		SolutionGuid = {CD980965-CA9D-448E-A0A4-784A703943B4}
	EndGlobalSection
EndGlobal
